
Microsoft Visual Studio Solution File, Format Version 12.00
# Visual Studio Version 17
VisualStudioVersion = 17.1.32421.90
MinimumVisualStudioVersion = 10.0.40219.1
Project("{9A19103F-16F7-4668-BE54-9A1E7A4F7556}") = "CleanArchitecture.Infrastructure", "src\Infrastructure\CleanArchitecture.Infrastructure\CleanArchitecture.Infrastructure.csproj", "{17FBC5F5-CD2C-4D79-AB01-E4DFBD8E2DD0}"
EndProject
Project("{9A19103F-16F7-4668-BE54-9A1E7A4F7556}") = "CleanArchitecture.Domain", "src\Core\CleanArchitecture.Domain\CleanArchitecture.Domain.csproj", "{8D395629-3C4F-42C7-8DF4-0C9F0F70ADEE}"
EndProject
Project("{2150E333-8FDC-42A3-9474-1A3956D46DE8}") = "src", "src", "{F2306B4E-495D-4BD1-9BE2-E1341ADB405E}"
EndProject
Project("{2150E333-8FDC-42A3-9474-1A3956D46DE8}") = "WebAPI", "WebAPI", "{8E98EA84-8900-4DF6-B5BD-39B9464CE91C}"
EndProject
Project("{2150E333-8FDC-42A3-9474-1A3956D46DE8}") = "Core", "Core", "{435FE7EB-4DCC-46EE-BE90-1C24C689D79C}"
EndProject
Project("{2150E333-8FDC-42A3-9474-1A3956D46DE8}") = "Infrastructure", "Infrastructure", "{6E6A1F66-72DB-470A-8256-E1CE20617F71}"
EndProject
Project("{9A19103F-16F7-4668-BE54-9A1E7A4F7556}") = "CleanArchitecture.WebAPI", "src\WebAPI\CleanArchitecture.WebAPI\CleanArchitecture.WebAPI.csproj", "{9E632645-B763-4A90-A12A-863DE3CE17FA}"
EndProject
Project("{9A19103F-16F7-4668-BE54-9A1E7A4F7556}") = "CleanArchitecture.Application", "src\Core\CleanArchitecture.Application\CleanArchitecture.Application.csproj", "{A91D3139-0432-4167-9D22-ACDF2F33942F}"
EndProject
Project("{9A19103F-16F7-4668-BE54-9A1E7A4F7556}") = "CleanArchitecture.Identity", "src\CleanArchitecture.Identity\CleanArchitecture.Identity.csproj", "{CEECADC4-6883-412C-A8AD-C80725B79888}"
EndProject
Project("{2150E333-8FDC-42A3-9474-1A3956D46DE8}") = "tests", "tests", "{DD00CD9F-3C7B-44E2-93BB-286FD8671E32}"
EndProject
Project("{FAE04EC0-301F-11D3-BF4B-00C04F79EFBC}") = "CleanArchitecture.Application.Tests", "tests\CleanArchitecture.Application.Tests\CleanArchitecture.Application.Tests.csproj", "{57D093FC-7768-473C-8414-F0B5B6E6229B}"
EndProject
Global
	GlobalSection(SolutionConfigurationPlatforms) = preSolution
		Debug|Any CPU = Debug|Any CPU
		Release|Any CPU = Release|Any CPU
	EndGlobalSection
	GlobalSection(ProjectConfigurationPlatforms) = postSolution
		{17FBC5F5-CD2C-4D79-AB01-E4DFBD8E2DD0}.Debug|Any CPU.ActiveCfg = Debug|Any CPU
		{17FBC5F5-CD2C-4D79-AB01-E4DFBD8E2DD0}.Debug|Any CPU.Build.0 = Debug|Any CPU
		{17FBC5F5-CD2C-4D79-AB01-E4DFBD8E2DD0}.Release|Any CPU.ActiveCfg = Release|Any CPU
		{17FBC5F5-CD2C-4D79-AB01-E4DFBD8E2DD0}.Release|Any CPU.Build.0 = Release|Any CPU
		{8D395629-3C4F-42C7-8DF4-0C9F0F70ADEE}.Debug|Any CPU.ActiveCfg = Debug|Any CPU
		{8D395629-3C4F-42C7-8DF4-0C9F0F70ADEE}.Debug|Any CPU.Build.0 = Debug|Any CPU
		{8D395629-3C4F-42C7-8DF4-0C9F0F70ADEE}.Release|Any CPU.ActiveCfg = Release|Any CPU
		{8D395629-3C4F-42C7-8DF4-0C9F0F70ADEE}.Release|Any CPU.Build.0 = Release|Any CPU
		{9E632645-B763-4A90-A12A-863DE3CE17FA}.Debug|Any CPU.ActiveCfg = Debug|Any CPU
		{9E632645-B763-4A90-A12A-863DE3CE17FA}.Debug|Any CPU.Build.0 = Debug|Any CPU
		{9E632645-B763-4A90-A12A-863DE3CE17FA}.Release|Any CPU.ActiveCfg = Release|Any CPU
		{9E632645-B763-4A90-A12A-863DE3CE17FA}.Release|Any CPU.Build.0 = Release|Any CPU
		{A91D3139-0432-4167-9D22-ACDF2F33942F}.Debug|Any CPU.ActiveCfg = Debug|Any CPU
		{A91D3139-0432-4167-9D22-ACDF2F33942F}.Debug|Any CPU.Build.0 = Debug|Any CPU
		{A91D3139-0432-4167-9D22-ACDF2F33942F}.Release|Any CPU.ActiveCfg = Release|Any CPU
		{A91D3139-0432-4167-9D22-ACDF2F33942F}.Release|Any CPU.Build.0 = Release|Any CPU
		{CEECADC4-6883-412C-A8AD-C80725B79888}.Debug|Any CPU.ActiveCfg = Debug|Any CPU
		{CEECADC4-6883-412C-A8AD-C80725B79888}.Debug|Any CPU.Build.0 = Debug|Any CPU
		{CEECADC4-6883-412C-A8AD-C80725B79888}.Release|Any CPU.ActiveCfg = Release|Any CPU
		{CEECADC4-6883-412C-A8AD-C80725B79888}.Release|Any CPU.Build.0 = Release|Any CPU
		{57D093FC-7768-473C-8414-F0B5B6E6229B}.Debug|Any CPU.ActiveCfg = Debug|Any CPU
		{57D093FC-7768-473C-8414-F0B5B6E6229B}.Debug|Any CPU.Build.0 = Debug|Any CPU
		{57D093FC-7768-473C-8414-F0B5B6E6229B}.Release|Any CPU.ActiveCfg = Release|Any CPU
		{57D093FC-7768-473C-8414-F0B5B6E6229B}.Release|Any CPU.Build.0 = Release|Any CPU
	EndGlobalSection
	GlobalSection(SolutionProperties) = preSolution
		HideSolutionNode = FALSE
	EndGlobalSection
	GlobalSection(NestedProjects) = preSolution
		{17FBC5F5-CD2C-4D79-AB01-E4DFBD8E2DD0} = {6E6A1F66-72DB-470A-8256-E1CE20617F71}
		{8D395629-3C4F-42C7-8DF4-0C9F0F70ADEE} = {435FE7EB-4DCC-46EE-BE90-1C24C689D79C}
		{8E98EA84-8900-4DF6-B5BD-39B9464CE91C} = {F2306B4E-495D-4BD1-9BE2-E1341ADB405E}
		{435FE7EB-4DCC-46EE-BE90-1C24C689D79C} = {F2306B4E-495D-4BD1-9BE2-E1341ADB405E}
		{6E6A1F66-72DB-470A-8256-E1CE20617F71} = {F2306B4E-495D-4BD1-9BE2-E1341ADB405E}
		{9E632645-B763-4A90-A12A-863DE3CE17FA} = {8E98EA84-8900-4DF6-B5BD-39B9464CE91C}
		{A91D3139-0432-4167-9D22-ACDF2F33942F} = {435FE7EB-4DCC-46EE-BE90-1C24C689D79C}
		{CEECADC4-6883-412C-A8AD-C80725B79888} = {6E6A1F66-72DB-470A-8256-E1CE20617F71}
		{57D093FC-7768-473C-8414-F0B5B6E6229B} = {DD00CD9F-3C7B-44E2-93BB-286FD8671E32}
	EndGlobalSection
	GlobalSection(ExtensibilityGlobals) = postSolution
		SolutionGuid = {7F4F35E2-5075-4DB3-974B-09816E888F66}
	EndGlobalSection
EndGlobal
